
Microsoft Visual Studio Solution File, Format Version 12.00
# Visual Studio 15
VisualStudioVersion = 15.0.27703.2018
MinimumVisualStudioVersion = 10.0.40219.1
Project("{9A19103F-16F7-4668-BE54-9A1E7A4F7556}") = "Xhcp_Entity", "Xhcp_Entity\Xhcp_Entity.csproj", "{3C1F7574-6B0C-4D90-BECB-18700EF2F204}"
EndProject
Project("{9A19103F-16F7-4668-BE54-9A1E7A4F7556}") = "Xhcp_DAL", "Xhcp_DAL\Xhcp_DAL.csproj", "{7656527D-F79B-4996-A259-7D9F1D7C92FA}"
EndProject
Project("{9A19103F-16F7-4668-BE54-9A1E7A4F7556}") = "Xhcp_Service", "Xhcp_Service\Xhcp_Service.csproj", "{2547C63E-1CB3-42F3-966F-44B04E59B568}"
EndProject
Project("{9A19103F-16F7-4668-BE54-9A1E7A4F7556}") = "API_XhcpProject", "API_XhcpProject\API_XhcpProject.csproj", "{D0831FBF-0E9B-4EEF-87EF-CD9519A1FD0A}"
EndProject
Project("{9A19103F-16F7-4668-BE54-9A1E7A4F7556}") = "Xhcp_Domain", "Xhcp_Domain\Xhcp_Domain.csproj", "{217C3579-99EF-4F05-857D-B2116C4D8C03}"
EndProject
Project("{FAE04EC0-301F-11D3-BF4B-00C04F79EFBC}") = "Xhcp_Utility", "Xhcp_Utility\Xhcp_Utility.csproj", "{98F3162A-AAAF-4EDF-BDFC-BB7A1A6BCF69}"
EndProject
Global
	GlobalSection(SolutionConfigurationPlatforms) = preSolution
		Debug|Any CPU = Debug|Any CPU
		Release|Any CPU = Release|Any CPU
	EndGlobalSection
	GlobalSection(ProjectConfigurationPlatforms) = postSolution
		{3C1F7574-6B0C-4D90-BECB-18700EF2F204}.Debug|Any CPU.ActiveCfg = Debug|Any CPU
		{3C1F7574-6B0C-4D90-BECB-18700EF2F204}.Debug|Any CPU.Build.0 = Debug|Any CPU
		{3C1F7574-6B0C-4D90-BECB-18700EF2F204}.Release|Any CPU.ActiveCfg = Release|Any CPU
		{3C1F7574-6B0C-4D90-BECB-18700EF2F204}.Release|Any CPU.Build.0 = Release|Any CPU
		{7656527D-F79B-4996-A259-7D9F1D7C92FA}.Debug|Any CPU.ActiveCfg = Debug|Any CPU
		{7656527D-F79B-4996-A259-7D9F1D7C92FA}.Debug|Any CPU.Build.0 = Debug|Any CPU
		{7656527D-F79B-4996-A259-7D9F1D7C92FA}.Release|Any CPU.ActiveCfg = Release|Any CPU
		{7656527D-F79B-4996-A259-7D9F1D7C92FA}.Release|Any CPU.Build.0 = Release|Any CPU
		{2547C63E-1CB3-42F3-966F-44B04E59B568}.Debug|Any CPU.ActiveCfg = Debug|Any CPU
		{2547C63E-1CB3-42F3-966F-44B04E59B568}.Debug|Any CPU.Build.0 = Debug|Any CPU
		{2547C63E-1CB3-42F3-966F-44B04E59B568}.Release|Any CPU.ActiveCfg = Release|Any CPU
		{2547C63E-1CB3-42F3-966F-44B04E59B568}.Release|Any CPU.Build.0 = Release|Any CPU
		{D0831FBF-0E9B-4EEF-87EF-CD9519A1FD0A}.Debug|Any CPU.ActiveCfg = Debug|Any CPU
		{D0831FBF-0E9B-4EEF-87EF-CD9519A1FD0A}.Debug|Any CPU.Build.0 = Debug|Any CPU
		{D0831FBF-0E9B-4EEF-87EF-CD9519A1FD0A}.Release|Any CPU.ActiveCfg = Release|Any CPU
		{D0831FBF-0E9B-4EEF-87EF-CD9519A1FD0A}.Release|Any CPU.Build.0 = Release|Any CPU
		{217C3579-99EF-4F05-857D-B2116C4D8C03}.Debug|Any CPU.ActiveCfg = Debug|Any CPU
		{217C3579-99EF-4F05-857D-B2116C4D8C03}.Debug|Any CPU.Build.0 = Debug|Any CPU
		{217C3579-99EF-4F05-857D-B2116C4D8C03}.Release|Any CPU.ActiveCfg = Release|Any CPU
		{217C3579-99EF-4F05-857D-B2116C4D8C03}.Release|Any CPU.Build.0 = Release|Any CPU
		{98F3162A-AAAF-4EDF-BDFC-BB7A1A6BCF69}.Debug|Any CPU.ActiveCfg = Debug|Any CPU
		{98F3162A-AAAF-4EDF-BDFC-BB7A1A6BCF69}.Debug|Any CPU.Build.0 = Debug|Any CPU
		{98F3162A-AAAF-4EDF-BDFC-BB7A1A6BCF69}.Release|Any CPU.ActiveCfg = Release|Any CPU
		{98F3162A-AAAF-4EDF-BDFC-BB7A1A6BCF69}.Release|Any CPU.Build.0 = Release|Any CPU
	EndGlobalSection
	GlobalSection(SolutionProperties) = preSolution
		HideSolutionNode = FALSE
	EndGlobalSection
	GlobalSection(ExtensibilityGlobals) = postSolution
		SolutionGuid = {00847A0D-806A-497B-ADC0-967A58EE045E}
	EndGlobalSection
EndGlobal
